
Microsoft Visual Studio Solution File, Format Version 12.00
# Visual Studio Version 16
VisualStudioVersion = 16.0.32929.386
MinimumVisualStudioVersion = 10.0.40219.1
Project("{FAE04EC0-301F-11D3-BF4B-00C04F79EFBC}") = "WebApiCSharp-v1", "WebApiCSharp\WebApiCSharp-v1.csproj", "{38FF9A98-9360-4B31-AAFA-D5C3D21F2DFD}"
EndProject
Global
	GlobalSection(SolutionConfigurationPlatforms) = preSolution
		Debug|Any CPU = Debug|Any CPU
		Release|Any CPU = Release|Any CPU
	EndGlobalSection
	GlobalSection(ProjectConfigurationPlatforms) = postSolution
		{38FF9A98-9360-4B31-AAFA-D5C3D21F2DFD}.Debug|Any CPU.ActiveCfg = Debug|Any CPU
		{38FF9A98-9360-4B31-AAFA-D5C3D21F2DFD}.Debug|Any CPU.Build.0 = Debug|Any CPU
		{38FF9A98-9360-4B31-AAFA-D5C3D21F2DFD}.Release|Any CPU.ActiveCfg = Release|Any CPU
		{38FF9A98-9360-4B31-AAFA-D5C3D21F2DFD}.Release|Any CPU.Build.0 = Release|Any CPU
	EndGlobalSection
	GlobalSection(SolutionProperties) = preSolution
		HideSolutionNode = FALSE
	EndGlobalSection
	GlobalSection(ExtensibilityGlobals) = postSolution
		SolutionGuid = {E369B6A6-05F4-40DF-901E-E7B1B130861F}
	EndGlobalSection
EndGlobal
